
Microsoft Visual Studio Solution File, Format Version 11.00
# Visual Studio 2010
Project("{FAE04EC0-301F-11D3-BF4B-00C04F79EFBC}") = "roleRPG", "Assembly-CSharp.csproj", "{45DEFE05-FDE5-D925-D480-AC2E8E83E82E}"
EndProject
Global
	GlobalSection(SolutionConfigurationPlatforms) = preSolution
		Debug|Any CPU = Debug|Any CPU
		Release|Any CPU = Release|Any CPU
	EndGlobalSection
	GlobalSection(ProjectConfigurationPlatforms) = postSolution
		{45DEFE05-FDE5-D925-D480-AC2E8E83E82E}.Debug|Any CPU.ActiveCfg = Debug|Any CPU
		{45DEFE05-FDE5-D925-D480-AC2E8E83E82E}.Debug|Any CPU.Build.0 = Debug|Any CPU
		{45DEFE05-FDE5-D925-D480-AC2E8E83E82E}.Release|Any CPU.ActiveCfg = Release|Any CPU
		{45DEFE05-FDE5-D925-D480-AC2E8E83E82E}.Release|Any CPU.Build.0 = Release|Any CPU
	EndGlobalSection
	GlobalSection(SolutionProperties) = preSolution
		HideSolutionNode = FALSE
	EndGlobalSection
	GlobalSection(MonoDevelopProperties) = preSolution
		StartupItem = Assembly-CSharp.csproj
	EndGlobalSection
EndGlobal
